
Microsoft Visual Studio Solution File, Format Version 12.00
# Visual Studio 2012
Project("{FAE04EC0-301F-11D3-BF4B-00C04F79EFBC}") = "FormsInfiniteScroll", "FormsInfiniteScroll\FormsInfiniteScroll.csproj", "{5908FBB5-0A5D-453B-91E9-797788144BC8}"
EndProject
Project("{FAE04EC0-301F-11D3-BF4B-00C04F79EFBC}") = "FormsInfiniteScroll.iOS", "iOS\FormsInfiniteScroll.iOS.csproj", "{8CF3CF59-36C7-4D4F-A1B7-24C7FC282A3C}"
EndProject
Project("{FAE04EC0-301F-11D3-BF4B-00C04F79EFBC}") = "FormsInfiniteScroll.Droid", "Droid\FormsInfiniteScroll.Droid.csproj", "{5984ACFE-BA5C-4742-A4A5-383AB1C2D1A0}"
EndProject
Global
	GlobalSection(SolutionConfigurationPlatforms) = preSolution
		Debug|Any CPU = Debug|Any CPU
		Release|Any CPU = Release|Any CPU
		Debug|iPhoneSimulator = Debug|iPhoneSimulator
		Release|iPhoneSimulator = Release|iPhoneSimulator
		Debug|iPhone = Debug|iPhone
		Release|iPhone = Release|iPhone
		Ad-Hoc|iPhone = Ad-Hoc|iPhone
		AppStore|iPhone = AppStore|iPhone
	EndGlobalSection
	GlobalSection(ProjectConfigurationPlatforms) = postSolution
		{5908FBB5-0A5D-453B-91E9-797788144BC8}.Ad-Hoc|iPhone.ActiveCfg = Debug|Any CPU
		{5908FBB5-0A5D-453B-91E9-797788144BC8}.Ad-Hoc|iPhone.Build.0 = Debug|Any CPU
		{5908FBB5-0A5D-453B-91E9-797788144BC8}.AppStore|iPhone.ActiveCfg = Debug|Any CPU
		{5908FBB5-0A5D-453B-91E9-797788144BC8}.AppStore|iPhone.Build.0 = Debug|Any CPU
		{5908FBB5-0A5D-453B-91E9-797788144BC8}.Debug|Any CPU.ActiveCfg = Debug|Any CPU
		{5908FBB5-0A5D-453B-91E9-797788144BC8}.Debug|Any CPU.Build.0 = Debug|Any CPU
		{5908FBB5-0A5D-453B-91E9-797788144BC8}.Debug|iPhone.ActiveCfg = Debug|Any CPU
		{5908FBB5-0A5D-453B-91E9-797788144BC8}.Debug|iPhone.Build.0 = Debug|Any CPU
		{5908FBB5-0A5D-453B-91E9-797788144BC8}.Debug|iPhoneSimulator.ActiveCfg = Debug|Any CPU
		{5908FBB5-0A5D-453B-91E9-797788144BC8}.Debug|iPhoneSimulator.Build.0 = Debug|Any CPU
		{5908FBB5-0A5D-453B-91E9-797788144BC8}.Release|Any CPU.ActiveCfg = Release|Any CPU
		{5908FBB5-0A5D-453B-91E9-797788144BC8}.Release|Any CPU.Build.0 = Release|Any CPU
		{5908FBB5-0A5D-453B-91E9-797788144BC8}.Release|iPhone.ActiveCfg = Release|Any CPU
		{5908FBB5-0A5D-453B-91E9-797788144BC8}.Release|iPhone.Build.0 = Release|Any CPU
		{5908FBB5-0A5D-453B-91E9-797788144BC8}.Release|iPhoneSimulator.ActiveCfg = Release|Any CPU
		{5908FBB5-0A5D-453B-91E9-797788144BC8}.Release|iPhoneSimulator.Build.0 = Release|Any CPU
		{5984ACFE-BA5C-4742-A4A5-383AB1C2D1A0}.Ad-Hoc|iPhone.ActiveCfg = Release|Any CPU
		{5984ACFE-BA5C-4742-A4A5-383AB1C2D1A0}.Ad-Hoc|iPhone.Build.0 = Release|Any CPU
		{5984ACFE-BA5C-4742-A4A5-383AB1C2D1A0}.AppStore|iPhone.ActiveCfg = Release|Any CPU
		{5984ACFE-BA5C-4742-A4A5-383AB1C2D1A0}.AppStore|iPhone.Build.0 = Release|Any CPU
		{5984ACFE-BA5C-4742-A4A5-383AB1C2D1A0}.Debug|Any CPU.ActiveCfg = Debug|Any CPU
		{5984ACFE-BA5C-4742-A4A5-383AB1C2D1A0}.Debug|Any CPU.Build.0 = Debug|Any CPU
		{5984ACFE-BA5C-4742-A4A5-383AB1C2D1A0}.Debug|iPhone.ActiveCfg = Debug|Any CPU
		{5984ACFE-BA5C-4742-A4A5-383AB1C2D1A0}.Debug|iPhone.Build.0 = Debug|Any CPU
		{5984ACFE-BA5C-4742-A4A5-383AB1C2D1A0}.Debug|iPhoneSimulator.ActiveCfg = Debug|Any CPU
		{5984ACFE-BA5C-4742-A4A5-383AB1C2D1A0}.Debug|iPhoneSimulator.Build.0 = Debug|Any CPU
		{5984ACFE-BA5C-4742-A4A5-383AB1C2D1A0}.Release|Any CPU.ActiveCfg = Release|Any CPU
		{5984ACFE-BA5C-4742-A4A5-383AB1C2D1A0}.Release|Any CPU.Build.0 = Release|Any CPU
		{5984ACFE-BA5C-4742-A4A5-383AB1C2D1A0}.Release|iPhone.ActiveCfg = Release|Any CPU
		{5984ACFE-BA5C-4742-A4A5-383AB1C2D1A0}.Release|iPhone.Build.0 = Release|Any CPU
		{5984ACFE-BA5C-4742-A4A5-383AB1C2D1A0}.Release|iPhoneSimulator.ActiveCfg = Release|Any CPU
		{5984ACFE-BA5C-4742-A4A5-383AB1C2D1A0}.Release|iPhoneSimulator.Build.0 = Release|Any CPU
		{8CF3CF59-36C7-4D4F-A1B7-24C7FC282A3C}.Ad-Hoc|iPhone.ActiveCfg = Ad-Hoc|iPhone
		{8CF3CF59-36C7-4D4F-A1B7-24C7FC282A3C}.Ad-Hoc|iPhone.Build.0 = Ad-Hoc|iPhone
		{8CF3CF59-36C7-4D4F-A1B7-24C7FC282A3C}.AppStore|iPhone.ActiveCfg = AppStore|iPhone
		{8CF3CF59-36C7-4D4F-A1B7-24C7FC282A3C}.AppStore|iPhone.Build.0 = AppStore|iPhone
		{8CF3CF59-36C7-4D4F-A1B7-24C7FC282A3C}.Debug|Any CPU.ActiveCfg = Debug|iPhoneSimulator
		{8CF3CF59-36C7-4D4F-A1B7-24C7FC282A3C}.Debug|Any CPU.Build.0 = Debug|iPhoneSimulator
		{8CF3CF59-36C7-4D4F-A1B7-24C7FC282A3C}.Debug|iPhone.ActiveCfg = Debug|iPhone
		{8CF3CF59-36C7-4D4F-A1B7-24C7FC282A3C}.Debug|iPhone.Build.0 = Debug|iPhone
		{8CF3CF59-36C7-4D4F-A1B7-24C7FC282A3C}.Debug|iPhoneSimulator.ActiveCfg = Debug|iPhoneSimulator
		{8CF3CF59-36C7-4D4F-A1B7-24C7FC282A3C}.Debug|iPhoneSimulator.Build.0 = Debug|iPhoneSimulator
		{8CF3CF59-36C7-4D4F-A1B7-24C7FC282A3C}.Release|Any CPU.ActiveCfg = Release|iPhoneSimulator
		{8CF3CF59-36C7-4D4F-A1B7-24C7FC282A3C}.Release|Any CPU.Build.0 = Release|iPhoneSimulator
		{8CF3CF59-36C7-4D4F-A1B7-24C7FC282A3C}.Release|iPhone.ActiveCfg = Release|iPhone
		{8CF3CF59-36C7-4D4F-A1B7-24C7FC282A3C}.Release|iPhone.Build.0 = Release|iPhone
		{8CF3CF59-36C7-4D4F-A1B7-24C7FC282A3C}.Release|iPhoneSimulator.ActiveCfg = Release|iPhoneSimulator
		{8CF3CF59-36C7-4D4F-A1B7-24C7FC282A3C}.Release|iPhoneSimulator.Build.0 = Release|iPhoneSimulator
	EndGlobalSection
EndGlobal
